
Microsoft Visual Studio Solution File, Format Version 12.00
# Visual Studio Version 17
VisualStudioVersion = 17.8.34330.188
MinimumVisualStudioVersion = 10.0.40219.1
Project("{FAE04EC0-301F-11D3-BF4B-00C04F79EFBC}") = "SummerClothing", "SummerClothing.csproj", "{C303862F-FCFB-4B80-90C0-6AAD7190F4FC}"
EndProject
Global
	GlobalSection(SolutionConfigurationPlatforms) = preSolution
		Debug|Any CPU = Debug|Any CPU
		Release|Any CPU = Release|Any CPU
	EndGlobalSection
	GlobalSection(ProjectConfigurationPlatforms) = postSolution
		{C303862F-FCFB-4B80-90C0-6AAD7190F4FC}.Debug|Any CPU.ActiveCfg = Debug|Any CPU
		{C303862F-FCFB-4B80-90C0-6AAD7190F4FC}.Debug|Any CPU.Build.0 = Debug|Any CPU
		{C303862F-FCFB-4B80-90C0-6AAD7190F4FC}.Release|Any CPU.ActiveCfg = Release|Any CPU
		{C303862F-FCFB-4B80-90C0-6AAD7190F4FC}.Release|Any CPU.Build.0 = Release|Any CPU
	EndGlobalSection
	GlobalSection(SolutionProperties) = preSolution
		HideSolutionNode = FALSE
	EndGlobalSection
	GlobalSection(ExtensibilityGlobals) = postSolution
		SolutionGuid = {0C21E777-80E9-4AC0-B799-1F209B7C7CDB}
	EndGlobalSection
EndGlobal
