
Microsoft Visual Studio Solution File, Format Version 12.00
# Visual Studio Version 17
VisualStudioVersion = 17.8.34330.188
MinimumVisualStudioVersion = 10.0.40219.1
Project("{FAE04EC0-301F-11D3-BF4B-00C04F79EFBC}") = "SumSeconds", "SumSeconds.csproj", "{68529AD4-044D-49FA-8CE0-AED99FAEF66A}"
EndProject
Global
	GlobalSection(SolutionConfigurationPlatforms) = preSolution
		Debug|Any CPU = Debug|Any CPU
		Release|Any CPU = Release|Any CPU
	EndGlobalSection
	GlobalSection(ProjectConfigurationPlatforms) = postSolution
		{68529AD4-044D-49FA-8CE0-AED99FAEF66A}.Debug|Any CPU.ActiveCfg = Debug|Any CPU
		{68529AD4-044D-49FA-8CE0-AED99FAEF66A}.Debug|Any CPU.Build.0 = Debug|Any CPU
		{68529AD4-044D-49FA-8CE0-AED99FAEF66A}.Release|Any CPU.ActiveCfg = Release|Any CPU
		{68529AD4-044D-49FA-8CE0-AED99FAEF66A}.Release|Any CPU.Build.0 = Release|Any CPU
	EndGlobalSection
	GlobalSection(SolutionProperties) = preSolution
		HideSolutionNode = FALSE
	EndGlobalSection
	GlobalSection(ExtensibilityGlobals) = postSolution
		SolutionGuid = {826AC1ED-44C7-45DB-AE99-68B54FC83493}
	EndGlobalSection
EndGlobal
