
Microsoft Visual Studio Solution File, Format Version 12.00
# Visual Studio Version 17
VisualStudioVersion = 17.8.34330.188
MinimumVisualStudioVersion = 10.0.40219.1
Project("{FAE04EC0-301F-11D3-BF4B-00C04F79EFBC}") = "02.CondenseArrayToNumber", "02.CondenseArrayToNumber.csproj", "{6F244109-E2C8-44E8-9F9D-BC41B62BC77B}"
EndProject
Global
	GlobalSection(SolutionConfigurationPlatforms) = preSolution
		Debug|Any CPU = Debug|Any CPU
		Release|Any CPU = Release|Any CPU
	EndGlobalSection
	GlobalSection(ProjectConfigurationPlatforms) = postSolution
		{6F244109-E2C8-44E8-9F9D-BC41B62BC77B}.Debug|Any CPU.ActiveCfg = Debug|Any CPU
		{6F244109-E2C8-44E8-9F9D-BC41B62BC77B}.Debug|Any CPU.Build.0 = Debug|Any CPU
		{6F244109-E2C8-44E8-9F9D-BC41B62BC77B}.Release|Any CPU.ActiveCfg = Release|Any CPU
		{6F244109-E2C8-44E8-9F9D-BC41B62BC77B}.Release|Any CPU.Build.0 = Release|Any CPU
	EndGlobalSection
	GlobalSection(SolutionProperties) = preSolution
		HideSolutionNode = FALSE
	EndGlobalSection
	GlobalSection(ExtensibilityGlobals) = postSolution
		SolutionGuid = {0407B4AB-D5DF-4ED9-8313-DF1CCD8B3F53}
	EndGlobalSection
EndGlobal
