
Microsoft Visual Studio Solution File, Format Version 12.00
# Visual Studio Version 17
VisualStudioVersion = 17.8.34330.188
MinimumVisualStudioVersion = 10.0.40219.1
Project("{FAE04EC0-301F-11D3-BF4B-00C04F79EFBC}") = "07.Zig-ZagArrays", "07.Zig-ZagArrays.csproj", "{A4F53003-C806-4BBB-A3BF-802CAF353E39}"
EndProject
Global
	GlobalSection(SolutionConfigurationPlatforms) = preSolution
		Debug|Any CPU = Debug|Any CPU
		Release|Any CPU = Release|Any CPU
	EndGlobalSection
	GlobalSection(ProjectConfigurationPlatforms) = postSolution
		{A4F53003-C806-4BBB-A3BF-802CAF353E39}.Debug|Any CPU.ActiveCfg = Debug|Any CPU
		{A4F53003-C806-4BBB-A3BF-802CAF353E39}.Debug|Any CPU.Build.0 = Debug|Any CPU
		{A4F53003-C806-4BBB-A3BF-802CAF353E39}.Release|Any CPU.ActiveCfg = Release|Any CPU
		{A4F53003-C806-4BBB-A3BF-802CAF353E39}.Release|Any CPU.Build.0 = Release|Any CPU
	EndGlobalSection
	GlobalSection(SolutionProperties) = preSolution
		HideSolutionNode = FALSE
	EndGlobalSection
	GlobalSection(ExtensibilityGlobals) = postSolution
		SolutionGuid = {9406A7BB-26CB-4520-B6E2-BC798EBC011B}
	EndGlobalSection
EndGlobal
