
Microsoft Visual Studio Solution File, Format Version 12.00
# Visual Studio Version 17
VisualStudioVersion = 17.8.34330.188
MinimumVisualStudioVersion = 10.0.40219.1
Project("{FAE04EC0-301F-11D3-BF4B-00C04F79EFBC}") = "NumbersFrom1ToN", "NumbersFrom1ToN.csproj", "{C53E5260-995E-4C56-A62E-8E138185C1E5}"
EndProject
Global
	GlobalSection(SolutionConfigurationPlatforms) = preSolution
		Debug|Any CPU = Debug|Any CPU
		Release|Any CPU = Release|Any CPU
	EndGlobalSection
	GlobalSection(ProjectConfigurationPlatforms) = postSolution
		{C53E5260-995E-4C56-A62E-8E138185C1E5}.Debug|Any CPU.ActiveCfg = Debug|Any CPU
		{C53E5260-995E-4C56-A62E-8E138185C1E5}.Debug|Any CPU.Build.0 = Debug|Any CPU
		{C53E5260-995E-4C56-A62E-8E138185C1E5}.Release|Any CPU.ActiveCfg = Release|Any CPU
		{C53E5260-995E-4C56-A62E-8E138185C1E5}.Release|Any CPU.Build.0 = Release|Any CPU
	EndGlobalSection
	GlobalSection(SolutionProperties) = preSolution
		HideSolutionNode = FALSE
	EndGlobalSection
	GlobalSection(ExtensibilityGlobals) = postSolution
		SolutionGuid = {21FAC661-BA7C-4A2E-ADAB-18986BA09088}
	EndGlobalSection
EndGlobal
