
Microsoft Visual Studio Solution File, Format Version 12.00
# Visual Studio Version 17
VisualStudioVersion = 17.8.34330.188
MinimumVisualStudioVersion = 10.0.40219.1
Project("{FAE04EC0-301F-11D3-BF4B-00C04F79EFBC}") = "NumbersEndingIn7", "NumbersEndingIn7.csproj", "{C276875C-F8DA-4006-B463-16524BCFF7BA}"
EndProject
Global
	GlobalSection(SolutionConfigurationPlatforms) = preSolution
		Debug|Any CPU = Debug|Any CPU
		Release|Any CPU = Release|Any CPU
	EndGlobalSection
	GlobalSection(ProjectConfigurationPlatforms) = postSolution
		{C276875C-F8DA-4006-B463-16524BCFF7BA}.Debug|Any CPU.ActiveCfg = Debug|Any CPU
		{C276875C-F8DA-4006-B463-16524BCFF7BA}.Debug|Any CPU.Build.0 = Debug|Any CPU
		{C276875C-F8DA-4006-B463-16524BCFF7BA}.Release|Any CPU.ActiveCfg = Release|Any CPU
		{C276875C-F8DA-4006-B463-16524BCFF7BA}.Release|Any CPU.Build.0 = Release|Any CPU
	EndGlobalSection
	GlobalSection(SolutionProperties) = preSolution
		HideSolutionNode = FALSE
	EndGlobalSection
	GlobalSection(ExtensibilityGlobals) = postSolution
		SolutionGuid = {86E98A8A-2E3F-49F8-A7F9-01EDDBE89209}
	EndGlobalSection
EndGlobal
