
Microsoft Visual Studio Solution File, Format Version 12.00
# Visual Studio Version 17
VisualStudioVersion = 17.8.34330.188
MinimumVisualStudioVersion = 10.0.40219.1
Project("{FAE04EC0-301F-11D3-BF4B-00C04F79EFBC}") = "SumAnArray", "SumAnArray.csproj", "{B069D0B1-9606-4C09-87FA-C00AFF209E78}"
EndProject
Global
	GlobalSection(SolutionConfigurationPlatforms) = preSolution
		Debug|Any CPU = Debug|Any CPU
		Release|Any CPU = Release|Any CPU
	EndGlobalSection
	GlobalSection(ProjectConfigurationPlatforms) = postSolution
		{B069D0B1-9606-4C09-87FA-C00AFF209E78}.Debug|Any CPU.ActiveCfg = Debug|Any CPU
		{B069D0B1-9606-4C09-87FA-C00AFF209E78}.Debug|Any CPU.Build.0 = Debug|Any CPU
		{B069D0B1-9606-4C09-87FA-C00AFF209E78}.Release|Any CPU.ActiveCfg = Release|Any CPU
		{B069D0B1-9606-4C09-87FA-C00AFF209E78}.Release|Any CPU.Build.0 = Release|Any CPU
	EndGlobalSection
	GlobalSection(SolutionProperties) = preSolution
		HideSolutionNode = FALSE
	EndGlobalSection
	GlobalSection(ExtensibilityGlobals) = postSolution
		SolutionGuid = {8B569C73-0B81-48AF-BDB5-9C62E1662D94}
	EndGlobalSection
EndGlobal
