
Microsoft Visual Studio Solution File, Format Version 12.00
# Visual Studio Version 17
VisualStudioVersion = 17.8.34330.188
MinimumVisualStudioVersion = 10.0.40219.1
Project("{FAE04EC0-301F-11D3-BF4B-00C04F79EFBC}") = "03.PrintingTriangle", "03.PrintingTriangle.csproj", "{54340A0A-0517-4C6C-8403-527A745C4A74}"
EndProject
Global
	GlobalSection(SolutionConfigurationPlatforms) = preSolution
		Debug|Any CPU = Debug|Any CPU
		Release|Any CPU = Release|Any CPU
	EndGlobalSection
	GlobalSection(ProjectConfigurationPlatforms) = postSolution
		{54340A0A-0517-4C6C-8403-527A745C4A74}.Debug|Any CPU.ActiveCfg = Debug|Any CPU
		{54340A0A-0517-4C6C-8403-527A745C4A74}.Debug|Any CPU.Build.0 = Debug|Any CPU
		{54340A0A-0517-4C6C-8403-527A745C4A74}.Release|Any CPU.ActiveCfg = Release|Any CPU
		{54340A0A-0517-4C6C-8403-527A745C4A74}.Release|Any CPU.Build.0 = Release|Any CPU
	EndGlobalSection
	GlobalSection(SolutionProperties) = preSolution
		HideSolutionNode = FALSE
	EndGlobalSection
	GlobalSection(ExtensibilityGlobals) = postSolution
		SolutionGuid = {96E2974B-6264-475D-823F-84744165CFA4}
	EndGlobalSection
EndGlobal
