
Microsoft Visual Studio Solution File, Format Version 12.00
# Visual Studio Version 17
VisualStudioVersion = 17.8.34330.188
MinimumVisualStudioVersion = 10.0.40219.1
Project("{FAE04EC0-301F-11D3-BF4B-00C04F79EFBC}") = "04.ExamPreparetion", "04.ExamPreparetion.csproj", "{AFFF193E-FE59-4564-A4DF-B9ED129594CC}"
EndProject
Global
	GlobalSection(SolutionConfigurationPlatforms) = preSolution
		Debug|Any CPU = Debug|Any CPU
		Release|Any CPU = Release|Any CPU
	EndGlobalSection
	GlobalSection(ProjectConfigurationPlatforms) = postSolution
		{AFFF193E-FE59-4564-A4DF-B9ED129594CC}.Debug|Any CPU.ActiveCfg = Debug|Any CPU
		{AFFF193E-FE59-4564-A4DF-B9ED129594CC}.Debug|Any CPU.Build.0 = Debug|Any CPU
		{AFFF193E-FE59-4564-A4DF-B9ED129594CC}.Release|Any CPU.ActiveCfg = Release|Any CPU
		{AFFF193E-FE59-4564-A4DF-B9ED129594CC}.Release|Any CPU.Build.0 = Release|Any CPU
	EndGlobalSection
	GlobalSection(SolutionProperties) = preSolution
		HideSolutionNode = FALSE
	EndGlobalSection
	GlobalSection(ExtensibilityGlobals) = postSolution
		SolutionGuid = {39B6200F-1D4F-44A1-93E2-41204045B975}
	EndGlobalSection
EndGlobal
