
Microsoft Visual Studio Solution File, Format Version 12.00
# Visual Studio Version 17
VisualStudioVersion = 17.8.34330.188
MinimumVisualStudioVersion = 10.0.40219.1
Project("{FAE04EC0-301F-11D3-BF4B-00C04F79EFBC}") = "02.ElementEqualsSumOfOthers", "02.ElementEqualsSumOfOthers.csproj", "{E91AB506-A53C-4758-AF51-8CF055E3BB85}"
EndProject
Global
	GlobalSection(SolutionConfigurationPlatforms) = preSolution
		Debug|Any CPU = Debug|Any CPU
		Release|Any CPU = Release|Any CPU
	EndGlobalSection
	GlobalSection(ProjectConfigurationPlatforms) = postSolution
		{E91AB506-A53C-4758-AF51-8CF055E3BB85}.Debug|Any CPU.ActiveCfg = Debug|Any CPU
		{E91AB506-A53C-4758-AF51-8CF055E3BB85}.Debug|Any CPU.Build.0 = Debug|Any CPU
		{E91AB506-A53C-4758-AF51-8CF055E3BB85}.Release|Any CPU.ActiveCfg = Release|Any CPU
		{E91AB506-A53C-4758-AF51-8CF055E3BB85}.Release|Any CPU.Build.0 = Release|Any CPU
	EndGlobalSection
	GlobalSection(SolutionProperties) = preSolution
		HideSolutionNode = FALSE
	EndGlobalSection
	GlobalSection(ExtensibilityGlobals) = postSolution
		SolutionGuid = {13CE3DD6-2BF8-4D09-B41F-8424828C6352}
	EndGlobalSection
EndGlobal
