
Microsoft Visual Studio Solution File, Format Version 12.00
# Visual Studio Version 17
VisualStudioVersion = 17.8.34330.188
MinimumVisualStudioVersion = 10.0.40219.1
Project("{FAE04EC0-301F-11D3-BF4B-00C04F79EFBC}") = "03.TheOldLibrary", "03.TheOldLibrary.csproj", "{886C8B51-5123-430C-84D7-8FC92A0505C9}"
EndProject
Global
	GlobalSection(SolutionConfigurationPlatforms) = preSolution
		Debug|Any CPU = Debug|Any CPU
		Release|Any CPU = Release|Any CPU
	EndGlobalSection
	GlobalSection(ProjectConfigurationPlatforms) = postSolution
		{886C8B51-5123-430C-84D7-8FC92A0505C9}.Debug|Any CPU.ActiveCfg = Debug|Any CPU
		{886C8B51-5123-430C-84D7-8FC92A0505C9}.Debug|Any CPU.Build.0 = Debug|Any CPU
		{886C8B51-5123-430C-84D7-8FC92A0505C9}.Release|Any CPU.ActiveCfg = Release|Any CPU
		{886C8B51-5123-430C-84D7-8FC92A0505C9}.Release|Any CPU.Build.0 = Release|Any CPU
	EndGlobalSection
	GlobalSection(SolutionProperties) = preSolution
		HideSolutionNode = FALSE
	EndGlobalSection
	GlobalSection(ExtensibilityGlobals) = postSolution
		SolutionGuid = {AC2D42A1-4DDF-4FFD-B733-01E89C57009A}
	EndGlobalSection
EndGlobal
