
Microsoft Visual Studio Solution File, Format Version 12.00
# Visual Studio Version 17
VisualStudioVersion = 17.8.34330.188
MinimumVisualStudioVersion = 10.0.40219.1
Project("{FAE04EC0-301F-11D3-BF4B-00C04F79EFBC}") = "01.Gauss'Trick", "01.Gauss'Trick.csproj", "{19103994-D95E-44D6-9327-7AF022BA78DC}"
EndProject
Global
	GlobalSection(SolutionConfigurationPlatforms) = preSolution
		Debug|Any CPU = Debug|Any CPU
		Release|Any CPU = Release|Any CPU
	EndGlobalSection
	GlobalSection(ProjectConfigurationPlatforms) = postSolution
		{19103994-D95E-44D6-9327-7AF022BA78DC}.Debug|Any CPU.ActiveCfg = Debug|Any CPU
		{19103994-D95E-44D6-9327-7AF022BA78DC}.Debug|Any CPU.Build.0 = Debug|Any CPU
		{19103994-D95E-44D6-9327-7AF022BA78DC}.Release|Any CPU.ActiveCfg = Release|Any CPU
		{19103994-D95E-44D6-9327-7AF022BA78DC}.Release|Any CPU.Build.0 = Release|Any CPU
	EndGlobalSection
	GlobalSection(SolutionProperties) = preSolution
		HideSolutionNode = FALSE
	EndGlobalSection
	GlobalSection(ExtensibilityGlobals) = postSolution
		SolutionGuid = {D5DBD71B-AE88-4390-995A-738B8BCAACF8}
	EndGlobalSection
EndGlobal
