
Microsoft Visual Studio Solution File, Format Version 12.00
# Visual Studio Version 17
VisualStudioVersion = 17.8.34330.188
MinimumVisualStudioVersion = 10.0.40219.1
Project("{FAE04EC0-301F-11D3-BF4B-00C04F79EFBC}") = "VowelOrConsonant", "VowelOrConsonant.csproj", "{1D09BD13-ED73-438F-9BFE-E50350EC824C}"
EndProject
Global
	GlobalSection(SolutionConfigurationPlatforms) = preSolution
		Debug|Any CPU = Debug|Any CPU
		Release|Any CPU = Release|Any CPU
	EndGlobalSection
	GlobalSection(ProjectConfigurationPlatforms) = postSolution
		{1D09BD13-ED73-438F-9BFE-E50350EC824C}.Debug|Any CPU.ActiveCfg = Debug|Any CPU
		{1D09BD13-ED73-438F-9BFE-E50350EC824C}.Debug|Any CPU.Build.0 = Debug|Any CPU
		{1D09BD13-ED73-438F-9BFE-E50350EC824C}.Release|Any CPU.ActiveCfg = Release|Any CPU
		{1D09BD13-ED73-438F-9BFE-E50350EC824C}.Release|Any CPU.Build.0 = Release|Any CPU
	EndGlobalSection
	GlobalSection(SolutionProperties) = preSolution
		HideSolutionNode = FALSE
	EndGlobalSection
	GlobalSection(ExtensibilityGlobals) = postSolution
		SolutionGuid = {B76D8A92-EA94-4AE9-9029-B54B0FC69EE8}
	EndGlobalSection
EndGlobal
