
Microsoft Visual Studio Solution File, Format Version 12.00
# Visual Studio Version 17
VisualStudioVersion = 17.8.34330.188
MinimumVisualStudioVersion = 10.0.40219.1
Project("{FAE04EC0-301F-11D3-BF4B-00C04F79EFBC}") = "09.SkiHoliday", "09.SkiHoliday.csproj", "{58A282EA-5BA3-4E18-9EEA-5DEE3931A910}"
EndProject
Global
	GlobalSection(SolutionConfigurationPlatforms) = preSolution
		Debug|Any CPU = Debug|Any CPU
		Release|Any CPU = Release|Any CPU
	EndGlobalSection
	GlobalSection(ProjectConfigurationPlatforms) = postSolution
		{58A282EA-5BA3-4E18-9EEA-5DEE3931A910}.Debug|Any CPU.ActiveCfg = Debug|Any CPU
		{58A282EA-5BA3-4E18-9EEA-5DEE3931A910}.Debug|Any CPU.Build.0 = Debug|Any CPU
		{58A282EA-5BA3-4E18-9EEA-5DEE3931A910}.Release|Any CPU.ActiveCfg = Release|Any CPU
		{58A282EA-5BA3-4E18-9EEA-5DEE3931A910}.Release|Any CPU.Build.0 = Release|Any CPU
	EndGlobalSection
	GlobalSection(SolutionProperties) = preSolution
		HideSolutionNode = FALSE
	EndGlobalSection
	GlobalSection(ExtensibilityGlobals) = postSolution
		SolutionGuid = {11E48F2A-746A-412A-A153-1D28343E07B2}
	EndGlobalSection
EndGlobal
