
Microsoft Visual Studio Solution File, Format Version 12.00
# Visual Studio Version 17
VisualStudioVersion = 17.8.34330.188
MinimumVisualStudioVersion = 10.0.40219.1
Project("{FAE04EC0-301F-11D3-BF4B-00C04F79EFBC}") = "WorkingHours", "WorkingHours.csproj", "{E10DA328-3548-477E-9CD0-6092059F8205}"
EndProject
Global
	GlobalSection(SolutionConfigurationPlatforms) = preSolution
		Debug|Any CPU = Debug|Any CPU
		Release|Any CPU = Release|Any CPU
	EndGlobalSection
	GlobalSection(ProjectConfigurationPlatforms) = postSolution
		{E10DA328-3548-477E-9CD0-6092059F8205}.Debug|Any CPU.ActiveCfg = Debug|Any CPU
		{E10DA328-3548-477E-9CD0-6092059F8205}.Debug|Any CPU.Build.0 = Debug|Any CPU
		{E10DA328-3548-477E-9CD0-6092059F8205}.Release|Any CPU.ActiveCfg = Release|Any CPU
		{E10DA328-3548-477E-9CD0-6092059F8205}.Release|Any CPU.Build.0 = Release|Any CPU
	EndGlobalSection
	GlobalSection(SolutionProperties) = preSolution
		HideSolutionNode = FALSE
	EndGlobalSection
	GlobalSection(ExtensibilityGlobals) = postSolution
		SolutionGuid = {A395FEF7-0BA3-438E-A2FC-5FEFA859C37E}
	EndGlobalSection
EndGlobal
