
Microsoft Visual Studio Solution File, Format Version 12.00
# Visual Studio Version 17
VisualStudioVersion = 17.8.34330.188
MinimumVisualStudioVersion = 10.0.40219.1
Project("{FAE04EC0-301F-11D3-BF4B-00C04F79EFBC}") = "Cinema", "Cinema.csproj", "{BA8C1898-D9E7-467E-B6F0-4D022A6A4D13}"
EndProject
Global
	GlobalSection(SolutionConfigurationPlatforms) = preSolution
		Debug|Any CPU = Debug|Any CPU
		Release|Any CPU = Release|Any CPU
	EndGlobalSection
	GlobalSection(ProjectConfigurationPlatforms) = postSolution
		{BA8C1898-D9E7-467E-B6F0-4D022A6A4D13}.Debug|Any CPU.ActiveCfg = Debug|Any CPU
		{BA8C1898-D9E7-467E-B6F0-4D022A6A4D13}.Debug|Any CPU.Build.0 = Debug|Any CPU
		{BA8C1898-D9E7-467E-B6F0-4D022A6A4D13}.Release|Any CPU.ActiveCfg = Release|Any CPU
		{BA8C1898-D9E7-467E-B6F0-4D022A6A4D13}.Release|Any CPU.Build.0 = Release|Any CPU
	EndGlobalSection
	GlobalSection(SolutionProperties) = preSolution
		HideSolutionNode = FALSE
	EndGlobalSection
	GlobalSection(ExtensibilityGlobals) = postSolution
		SolutionGuid = {86EF4719-55E6-40A7-A30D-BA7676159A20}
	EndGlobalSection
EndGlobal
