
Microsoft Visual Studio Solution File, Format Version 12.00
# Visual Studio Version 17
VisualStudioVersion = 17.8.34330.188
MinimumVisualStudioVersion = 10.0.40219.1
Project("{FAE04EC0-301F-11D3-BF4B-00C04F79EFBC}") = "06.MathPower", "06.MathPower.csproj", "{DC0BADF2-AE83-4294-B1E6-58A6CE74446F}"
EndProject
Global
	GlobalSection(SolutionConfigurationPlatforms) = preSolution
		Debug|Any CPU = Debug|Any CPU
		Release|Any CPU = Release|Any CPU
	EndGlobalSection
	GlobalSection(ProjectConfigurationPlatforms) = postSolution
		{DC0BADF2-AE83-4294-B1E6-58A6CE74446F}.Debug|Any CPU.ActiveCfg = Debug|Any CPU
		{DC0BADF2-AE83-4294-B1E6-58A6CE74446F}.Debug|Any CPU.Build.0 = Debug|Any CPU
		{DC0BADF2-AE83-4294-B1E6-58A6CE74446F}.Release|Any CPU.ActiveCfg = Release|Any CPU
		{DC0BADF2-AE83-4294-B1E6-58A6CE74446F}.Release|Any CPU.Build.0 = Release|Any CPU
	EndGlobalSection
	GlobalSection(SolutionProperties) = preSolution
		HideSolutionNode = FALSE
	EndGlobalSection
	GlobalSection(ExtensibilityGlobals) = postSolution
		SolutionGuid = {8E703F3A-BB8D-4F21-937B-AECE65721AD7}
	EndGlobalSection
EndGlobal
