
Microsoft Visual Studio Solution File, Format Version 12.00
# Visual Studio Version 17
VisualStudioVersion = 17.8.34330.188
MinimumVisualStudioVersion = 10.0.40219.1
Project("{FAE04EC0-301F-11D3-BF4B-00C04F79EFBC}") = "09.MovingOut", "09.MovingOut.csproj", "{14DB646E-D386-42B3-85F1-A4169D9BA619}"
EndProject
Global
	GlobalSection(SolutionConfigurationPlatforms) = preSolution
		Debug|Any CPU = Debug|Any CPU
		Release|Any CPU = Release|Any CPU
	EndGlobalSection
	GlobalSection(ProjectConfigurationPlatforms) = postSolution
		{14DB646E-D386-42B3-85F1-A4169D9BA619}.Debug|Any CPU.ActiveCfg = Debug|Any CPU
		{14DB646E-D386-42B3-85F1-A4169D9BA619}.Debug|Any CPU.Build.0 = Debug|Any CPU
		{14DB646E-D386-42B3-85F1-A4169D9BA619}.Release|Any CPU.ActiveCfg = Release|Any CPU
		{14DB646E-D386-42B3-85F1-A4169D9BA619}.Release|Any CPU.Build.0 = Release|Any CPU
	EndGlobalSection
	GlobalSection(SolutionProperties) = preSolution
		HideSolutionNode = FALSE
	EndGlobalSection
	GlobalSection(ExtensibilityGlobals) = postSolution
		SolutionGuid = {29D88FE9-08B6-40BE-A9BE-82589B4A0A9C}
	EndGlobalSection
EndGlobal
