
Microsoft Visual Studio Solution File, Format Version 12.00
# Visual Studio Version 17
VisualStudioVersion = 17.8.34330.188
MinimumVisualStudioVersion = 10.0.40219.1
Project("{FAE04EC0-301F-11D3-BF4B-00C04F79EFBC}") = "03.ReverseAnArray", "03.ReverseAnArray.csproj", "{37561E95-2561-4421-86DA-44A145EE82F4}"
EndProject
Global
	GlobalSection(SolutionConfigurationPlatforms) = preSolution
		Debug|Any CPU = Debug|Any CPU
		Release|Any CPU = Release|Any CPU
	EndGlobalSection
	GlobalSection(ProjectConfigurationPlatforms) = postSolution
		{37561E95-2561-4421-86DA-44A145EE82F4}.Debug|Any CPU.ActiveCfg = Debug|Any CPU
		{37561E95-2561-4421-86DA-44A145EE82F4}.Debug|Any CPU.Build.0 = Debug|Any CPU
		{37561E95-2561-4421-86DA-44A145EE82F4}.Release|Any CPU.ActiveCfg = Release|Any CPU
		{37561E95-2561-4421-86DA-44A145EE82F4}.Release|Any CPU.Build.0 = Release|Any CPU
	EndGlobalSection
	GlobalSection(SolutionProperties) = preSolution
		HideSolutionNode = FALSE
	EndGlobalSection
	GlobalSection(ExtensibilityGlobals) = postSolution
		SolutionGuid = {D8230455-28BF-4098-8AA3-258A1E98A891}
	EndGlobalSection
EndGlobal
