
Microsoft Visual Studio Solution File, Format Version 12.00
# Visual Studio Version 17
VisualStudioVersion = 17.8.34330.188
MinimumVisualStudioVersion = 10.0.40219.1
Project("{FAE04EC0-301F-11D3-BF4B-00C04F79EFBC}") = "06.Steps", "06.Steps.csproj", "{5E2108D8-8FF3-494C-BD6A-FF5BD95DF2A5}"
EndProject
Global
	GlobalSection(SolutionConfigurationPlatforms) = preSolution
		Debug|Any CPU = Debug|Any CPU
		Release|Any CPU = Release|Any CPU
	EndGlobalSection
	GlobalSection(ProjectConfigurationPlatforms) = postSolution
		{5E2108D8-8FF3-494C-BD6A-FF5BD95DF2A5}.Debug|Any CPU.ActiveCfg = Debug|Any CPU
		{5E2108D8-8FF3-494C-BD6A-FF5BD95DF2A5}.Debug|Any CPU.Build.0 = Debug|Any CPU
		{5E2108D8-8FF3-494C-BD6A-FF5BD95DF2A5}.Release|Any CPU.ActiveCfg = Release|Any CPU
		{5E2108D8-8FF3-494C-BD6A-FF5BD95DF2A5}.Release|Any CPU.Build.0 = Release|Any CPU
	EndGlobalSection
	GlobalSection(SolutionProperties) = preSolution
		HideSolutionNode = FALSE
	EndGlobalSection
	GlobalSection(ExtensibilityGlobals) = postSolution
		SolutionGuid = {7E810177-1302-4795-AC24-C6F33177DF15}
	EndGlobalSection
EndGlobal
