
Microsoft Visual Studio Solution File, Format Version 12.00
# Visual Studio Version 17
VisualStudioVersion = 17.8.34330.188
MinimumVisualStudioVersion = 10.0.40219.1
Project("{FAE04EC0-301F-11D3-BF4B-00C04F79EFBC}") = "01.NestedLoops", "01.NestedLoops.csproj", "{20078D1B-BA20-4FBB-A904-63FD2DDD3D21}"
EndProject
Global
	GlobalSection(SolutionConfigurationPlatforms) = preSolution
		Debug|Any CPU = Debug|Any CPU
		Release|Any CPU = Release|Any CPU
	EndGlobalSection
	GlobalSection(ProjectConfigurationPlatforms) = postSolution
		{20078D1B-BA20-4FBB-A904-63FD2DDD3D21}.Debug|Any CPU.ActiveCfg = Debug|Any CPU
		{20078D1B-BA20-4FBB-A904-63FD2DDD3D21}.Debug|Any CPU.Build.0 = Debug|Any CPU
		{20078D1B-BA20-4FBB-A904-63FD2DDD3D21}.Release|Any CPU.ActiveCfg = Release|Any CPU
		{20078D1B-BA20-4FBB-A904-63FD2DDD3D21}.Release|Any CPU.Build.0 = Release|Any CPU
	EndGlobalSection
	GlobalSection(SolutionProperties) = preSolution
		HideSolutionNode = FALSE
	EndGlobalSection
	GlobalSection(ExtensibilityGlobals) = postSolution
		SolutionGuid = {07A5FF51-9F4D-40D1-B589-BE1EDA51E716}
	EndGlobalSection
EndGlobal
