
Microsoft Visual Studio Solution File, Format Version 12.00
# Visual Studio Version 17
VisualStudioVersion = 17.8.34330.188
MinimumVisualStudioVersion = 10.0.40219.1
Project("{FAE04EC0-301F-11D3-BF4B-00C04F79EFBC}") = "07.FactorialDivision", "07.FactorialDivision.csproj", "{A08E2B0E-9498-40AE-912E-36B4859E936D}"
EndProject
Global
	GlobalSection(SolutionConfigurationPlatforms) = preSolution
		Debug|Any CPU = Debug|Any CPU
		Release|Any CPU = Release|Any CPU
	EndGlobalSection
	GlobalSection(ProjectConfigurationPlatforms) = postSolution
		{A08E2B0E-9498-40AE-912E-36B4859E936D}.Debug|Any CPU.ActiveCfg = Debug|Any CPU
		{A08E2B0E-9498-40AE-912E-36B4859E936D}.Debug|Any CPU.Build.0 = Debug|Any CPU
		{A08E2B0E-9498-40AE-912E-36B4859E936D}.Release|Any CPU.ActiveCfg = Release|Any CPU
		{A08E2B0E-9498-40AE-912E-36B4859E936D}.Release|Any CPU.Build.0 = Release|Any CPU
	EndGlobalSection
	GlobalSection(SolutionProperties) = preSolution
		HideSolutionNode = FALSE
	EndGlobalSection
	GlobalSection(ExtensibilityGlobals) = postSolution
		SolutionGuid = {29D47349-7AA0-4D3A-A401-6D131FD8A0D9}
	EndGlobalSection
EndGlobal
