
Microsoft Visual Studio Solution File, Format Version 12.00
# Visual Studio Version 17
VisualStudioVersion = 17.8.34330.188
MinimumVisualStudioVersion = 10.0.40219.1
Project("{FAE04EC0-301F-11D3-BF4B-00C04F79EFBC}") = "02.NumbersFrom1ToN-Reversed", "02.NumbersFrom1ToN-Reversed.csproj", "{8CD63F22-D43E-418C-AD09-3F2B3575156F}"
EndProject
Global
	GlobalSection(SolutionConfigurationPlatforms) = preSolution
		Debug|Any CPU = Debug|Any CPU
		Release|Any CPU = Release|Any CPU
	EndGlobalSection
	GlobalSection(ProjectConfigurationPlatforms) = postSolution
		{8CD63F22-D43E-418C-AD09-3F2B3575156F}.Debug|Any CPU.ActiveCfg = Debug|Any CPU
		{8CD63F22-D43E-418C-AD09-3F2B3575156F}.Debug|Any CPU.Build.0 = Debug|Any CPU
		{8CD63F22-D43E-418C-AD09-3F2B3575156F}.Release|Any CPU.ActiveCfg = Release|Any CPU
		{8CD63F22-D43E-418C-AD09-3F2B3575156F}.Release|Any CPU.Build.0 = Release|Any CPU
	EndGlobalSection
	GlobalSection(SolutionProperties) = preSolution
		HideSolutionNode = FALSE
	EndGlobalSection
	GlobalSection(ExtensibilityGlobals) = postSolution
		SolutionGuid = {B81E0BF4-63BB-4384-962F-3EDECC17CCD7}
	EndGlobalSection
EndGlobal
