
Microsoft Visual Studio Solution File, Format Version 12.00
# Visual Studio Version 17
VisualStudioVersion = 17.8.34330.188
MinimumVisualStudioVersion = 10.0.40219.1
Project("{FAE04EC0-301F-11D3-BF4B-00C04F79EFBC}") = "NumberOperations", "NumberOperations.csproj", "{67B1D4D7-0176-4E80-BB87-A3623B906F43}"
EndProject
Global
	GlobalSection(SolutionConfigurationPlatforms) = preSolution
		Debug|Any CPU = Debug|Any CPU
		Release|Any CPU = Release|Any CPU
	EndGlobalSection
	GlobalSection(ProjectConfigurationPlatforms) = postSolution
		{67B1D4D7-0176-4E80-BB87-A3623B906F43}.Debug|Any CPU.ActiveCfg = Debug|Any CPU
		{67B1D4D7-0176-4E80-BB87-A3623B906F43}.Debug|Any CPU.Build.0 = Debug|Any CPU
		{67B1D4D7-0176-4E80-BB87-A3623B906F43}.Release|Any CPU.ActiveCfg = Release|Any CPU
		{67B1D4D7-0176-4E80-BB87-A3623B906F43}.Release|Any CPU.Build.0 = Release|Any CPU
	EndGlobalSection
	GlobalSection(SolutionProperties) = preSolution
		HideSolutionNode = FALSE
	EndGlobalSection
	GlobalSection(ExtensibilityGlobals) = postSolution
		SolutionGuid = {F87DDC82-F35E-4B96-85D7-17BDDC016658}
	EndGlobalSection
EndGlobal
