
Microsoft Visual Studio Solution File, Format Version 12.00
# Visual Studio Version 17
VisualStudioVersion = 17.8.34330.188
MinimumVisualStudioVersion = 10.0.40219.1
Project("{FAE04EC0-301F-11D3-BF4B-00C04F79EFBC}") = "01.DayOfWeek", "01.DayOfWeek.csproj", "{FBAB0434-7C48-4F4B-84ED-ABBAC481A93D}"
EndProject
Global
	GlobalSection(SolutionConfigurationPlatforms) = preSolution
		Debug|Any CPU = Debug|Any CPU
		Release|Any CPU = Release|Any CPU
	EndGlobalSection
	GlobalSection(ProjectConfigurationPlatforms) = postSolution
		{FBAB0434-7C48-4F4B-84ED-ABBAC481A93D}.Debug|Any CPU.ActiveCfg = Debug|Any CPU
		{FBAB0434-7C48-4F4B-84ED-ABBAC481A93D}.Debug|Any CPU.Build.0 = Debug|Any CPU
		{FBAB0434-7C48-4F4B-84ED-ABBAC481A93D}.Release|Any CPU.ActiveCfg = Release|Any CPU
		{FBAB0434-7C48-4F4B-84ED-ABBAC481A93D}.Release|Any CPU.Build.0 = Release|Any CPU
	EndGlobalSection
	GlobalSection(SolutionProperties) = preSolution
		HideSolutionNode = FALSE
	EndGlobalSection
	GlobalSection(ExtensibilityGlobals) = postSolution
		SolutionGuid = {5B4F7A0F-C6BC-4CEE-AB66-72348617E22A}
	EndGlobalSection
EndGlobal
