
Microsoft Visual Studio Solution File, Format Version 12.00
# Visual Studio Version 17
VisualStudioVersion = 17.8.34330.188
MinimumVisualStudioVersion = 10.0.40219.1
Project("{FAE04EC0-301F-11D3-BF4B-00C04F79EFBC}") = "05.EqualArrays", "05.EqualArrays.csproj", "{4F5602D1-5874-4844-8772-A713738F49D1}"
EndProject
Global
	GlobalSection(SolutionConfigurationPlatforms) = preSolution
		Debug|Any CPU = Debug|Any CPU
		Release|Any CPU = Release|Any CPU
	EndGlobalSection
	GlobalSection(ProjectConfigurationPlatforms) = postSolution
		{4F5602D1-5874-4844-8772-A713738F49D1}.Debug|Any CPU.ActiveCfg = Debug|Any CPU
		{4F5602D1-5874-4844-8772-A713738F49D1}.Debug|Any CPU.Build.0 = Debug|Any CPU
		{4F5602D1-5874-4844-8772-A713738F49D1}.Release|Any CPU.ActiveCfg = Release|Any CPU
		{4F5602D1-5874-4844-8772-A713738F49D1}.Release|Any CPU.Build.0 = Release|Any CPU
	EndGlobalSection
	GlobalSection(SolutionProperties) = preSolution
		HideSolutionNode = FALSE
	EndGlobalSection
	GlobalSection(ExtensibilityGlobals) = postSolution
		SolutionGuid = {A3E72B44-0F57-4B51-8130-9CFC12EB214A}
	EndGlobalSection
EndGlobal
